<?xml version="1.0" encoding="utf-8"?>
<Project ToolsVersion="4.0" xmlns="http://schemas.microsoft.com/developer/msbuild/2003">
  <ItemGroup>
    <Filter Include="소스 파일">
      <UniqueIdentifier>{4FC737F1-C7A5-4376-A066-2A32D752A2FF}</UniqueIdentifier>
      <Extensions>cpp;c;cc;cxx;c++;cppm;ixx;def;odl;idl;hpj;bat;asm;asmx</Extensions>
    </Filter>
    <Filter Include="헤더 파일">
      <UniqueIdentifier>{93995380-89BD-4b04-88EB-625FBE52EBFB}</UniqueIdentifier>
      <Extensions>h;hh;hpp;hxx;h++;hm;inl;inc;ipp;xsd</Extensions>
    </Filter>
    <Filter Include="리소스 파일">
      <UniqueIdentifier>{67DA6AB6-F800-4c08-8B7A-83BB121AAD01}</UniqueIdentifier>
      <Extensions>rc;ico;cur;bmp;dlg;rc2;rct;bin;rgs;gif;jpg;jpeg;jpe;resx;tiff;tif;png;wav;mfcribbon-ms</Extensions>
    </Filter>
    <Filter Include="00. MainGame">
      <UniqueIdentifier>{78ca2c02-e471-4d58-83c8-3025c387eb4b}</UniqueIdentifier>
    </Filter>
    <Filter Include="01. Obj">
      <UniqueIdentifier>{5b7c5d89-dca8-4b80-bc85-8f9ebf6e5340}</UniqueIdentifier>
    </Filter>
    <Filter Include="02. Design">
      <UniqueIdentifier>{63cf3230-4b0b-48b9-abe2-660db07d01dd}</UniqueIdentifier>
    </Filter>
    <Filter Include="03. Scene">
      <UniqueIdentifier>{ebdfa4c1-878f-45e3-9887-8546c359ce10}</UniqueIdentifier>
    </Filter>
    <Filter Include="01. Obj\00. Player">
      <UniqueIdentifier>{d780be2c-6814-458e-9f81-5b58625e5372}</UniqueIdentifier>
    </Filter>
    <Filter Include="02. Design\00. AbstractFactory">
      <UniqueIdentifier>{34470d45-368e-4ed4-8c95-71b4a939440e}</UniqueIdentifier>
    </Filter>
    <Filter Include="02. Design\01. CollisionMgr">
      <UniqueIdentifier>{65d81c23-bd27-42ba-a0ee-3418b9608e6f}</UniqueIdentifier>
    </Filter>
    <Filter Include="02. Design\02. ObjMgr">
      <UniqueIdentifier>{ddfcdd0b-4140-40d1-b185-762917977003}</UniqueIdentifier>
    </Filter>
    <Filter Include="03. Scene\00. Logo">
      <UniqueIdentifier>{a6f51294-ddbb-48ec-93a3-78993d8f97c6}</UniqueIdentifier>
    </Filter>
    <Filter Include="03. Scene\02. Edit">
      <UniqueIdentifier>{a846b9cc-8230-4b36-81de-f590f67e9de7}</UniqueIdentifier>
    </Filter>
    <Filter Include="03. Scene\03. Stage">
      <UniqueIdentifier>{e2b66ce3-3550-4188-8126-85a20e4f2f0d}</UniqueIdentifier>
    </Filter>
    <Filter Include="05. Utils">
      <UniqueIdentifier>{f1c2da64-9fbb-40a0-adda-4ee25b972d30}</UniqueIdentifier>
    </Filter>
    <Filter Include="01. Obj\02. ObStacle">
      <UniqueIdentifier>{33809dc1-f568-4b27-be1d-7811255fd564}</UniqueIdentifier>
    </Filter>
    <Filter Include="03. Scene\03. Stage\Stage">
      <UniqueIdentifier>{b46c678b-ee64-4566-b34a-7713dba63cc6}</UniqueIdentifier>
    </Filter>
    <Filter Include="01. Obj\03. Jelly">
      <UniqueIdentifier>{8d8e429f-63bb-4533-93f0-5e9ec2019d62}</UniqueIdentifier>
    </Filter>
    <Filter Include="01. Obj\04. Item">
      <UniqueIdentifier>{29f7106b-6fb6-4384-8bbf-83fb87530b2c}</UniqueIdentifier>
    </Filter>
    <Filter Include="02. Design\03. ScrollMgr">
      <UniqueIdentifier>{20221071-625d-41ac-97b8-228c21da1966}</UniqueIdentifier>
    </Filter>
    <Filter Include="02. Design\04. KeyMgr">
      <UniqueIdentifier>{9c99ba75-9152-4677-8b4d-3f109711f4d5}</UniqueIdentifier>
    </Filter>
    <Filter Include="02. Design\05. BmpMgr">
      <UniqueIdentifier>{3d325835-9ac1-408a-8dee-272ccfa62497}</UniqueIdentifier>
    </Filter>
    <Filter Include="02. Design\05. BmpMgr\MyBmp">
      <UniqueIdentifier>{3a559268-dff9-47e5-ac6c-32c87e237aac}</UniqueIdentifier>
    </Filter>
    <Filter Include="02. Design\06. SceneMgr">
      <UniqueIdentifier>{173bf9aa-3fe5-4ba7-b1f6-5645c65aa0e8}</UniqueIdentifier>
    </Filter>
    <Filter Include="02. Design\07. TileMgr">
      <UniqueIdentifier>{47890138-1eee-4714-87a6-fe69b59622d9}</UniqueIdentifier>
    </Filter>
    <Filter Include="02. Design\07. TileMgr\Tile">
      <UniqueIdentifier>{a891e110-4fa5-4b08-bf84-56f90cefc55d}</UniqueIdentifier>
    </Filter>
    <Filter Include="02. Design\08. ChunkMgr">
      <UniqueIdentifier>{9f1ebba6-a651-4ff1-b569-67372f433c43}</UniqueIdentifier>
    </Filter>
    <Filter Include="02. Design\09. SoundMgr">
      <UniqueIdentifier>{70279770-68c7-4d65-a2c8-9cd8b226dc06}</UniqueIdentifier>
    </Filter>
    <Filter Include="02. Design\10. TimeMgr">
      <UniqueIdentifier>{101cf8f6-0465-4565-88d3-cea60b173dcc}</UniqueIdentifier>
    </Filter>
    <Filter Include="02. Design\11. DataMgr">
      <UniqueIdentifier>{463abc45-c9d1-43e8-be65-eee391b0957c}</UniqueIdentifier>
    </Filter>
    <Filter Include="02. Design\12. UiMgr">
      <UniqueIdentifier>{3ab250fd-7222-44d9-9f1d-08dfaab9ce4d}</UniqueIdentifier>
    </Filter>
    <Filter Include="02. Design\12. UiMgr\06. Ui">
      <UniqueIdentifier>{d4e65284-f93c-4e3f-a523-385a957bcec6}</UniqueIdentifier>
    </Filter>
    <Filter Include="02. Design\12. UiMgr\06. Ui\00. Button">
      <UniqueIdentifier>{584f8e1b-6acb-4e4b-b24e-11c95965ac8e}</UniqueIdentifier>
    </Filter>
    <Filter Include="02. Design\12. UiMgr\06. Ui\01. HpBar">
      <UniqueIdentifier>{59f973fc-c520-493f-a1dd-0ad4b0c1152d}</UniqueIdentifier>
    </Filter>
    <Filter Include="02. Design\12. UiMgr\06. Ui\02. Score">
      <UniqueIdentifier>{0acaf1e1-edba-4f1f-adea-2c5c3dfd93d9}</UniqueIdentifier>
    </Filter>
    <Filter Include="02. Design\12. UiMgr\06. Ui\03. BonusTime">
      <UniqueIdentifier>{423a10a6-6c75-46a2-b899-4a1da14b435a}</UniqueIdentifier>
    </Filter>
    <Filter Include="01. Obj\04. Item\00. Item_Energy">
      <UniqueIdentifier>{f3d5d356-b340-4537-8369-2716ded71291}</UniqueIdentifier>
    </Filter>
    <Filter Include="01. Obj\04. Item\01. Item_Boost">
      <UniqueIdentifier>{7cfdc662-d2a2-4f8c-a229-51364f620861}</UniqueIdentifier>
    </Filter>
    <Filter Include="01. Obj\04. Item\02. Item_Giant">
      <UniqueIdentifier>{931398bc-a297-49fe-a844-fd06cf131dbe}</UniqueIdentifier>
    </Filter>
    <Filter Include="03. Scene\01. Lobby">
      <UniqueIdentifier>{e7248d68-9b69-434c-a135-89a5185badd5}</UniqueIdentifier>
    </Filter>
    <Filter Include="01. Obj\04. Item\03. Item_Magnet">
      <UniqueIdentifier>{dc4c9a61-7a2f-488a-b0c8-be2825d2a9e3}</UniqueIdentifier>
    </Filter>
  </ItemGroup>
  <ItemGroup>
    <ClInclude Include="framework.h">
      <Filter>헤더 파일</Filter>
    </ClInclude>
    <ClInclude Include="targetver.h">
      <Filter>헤더 파일</Filter>
    </ClInclude>
    <ClInclude Include="Resource.h">
      <Filter>헤더 파일</Filter>
    </ClInclude>
    <ClInclude Include="CookieRunAPI.h">
      <Filter>헤더 파일</Filter>
    </ClInclude>
    <ClInclude Include="pch.h">
      <Filter>헤더 파일</Filter>
    </ClInclude>
    <ClInclude Include="Define.h">
      <Filter>헤더 파일</Filter>
    </ClInclude>
    <ClInclude Include="CMainGame.h">
      <Filter>00. MainGame</Filter>
    </ClInclude>
    <ClInclude Include="CObj.h">
      <Filter>01. Obj</Filter>
    </ClInclude>
    <ClInclude Include="CAbstractFactory.h">
      <Filter>02. Design\00. AbstractFactory</Filter>
    </ClInclude>
    <ClInclude Include="CCollisionMgr.h">
      <Filter>02. Design\01. CollisionMgr</Filter>
    </ClInclude>
    <ClInclude Include="CObjMgr.h">
      <Filter>02. Design\02. ObjMgr</Filter>
    </ClInclude>
    <ClInclude Include="CScrollMgr.h">
      <Filter>02. Design\03. ScrollMgr</Filter>
    </ClInclude>
    <ClInclude Include="CKeyMgr.h">
      <Filter>02. Design\04. KeyMgr</Filter>
    </ClInclude>
    <ClInclude Include="CMyBmp.h">
      <Filter>02. Design\05. BmpMgr\MyBmp</Filter>
    </ClInclude>
    <ClInclude Include="CBmpMgr.h">
      <Filter>02. Design\05. BmpMgr</Filter>
    </ClInclude>
    <ClInclude Include="CSceneMgr.h">
      <Filter>02. Design\06. SceneMgr</Filter>
    </ClInclude>
    <ClInclude Include="CScene.h">
      <Filter>03. Scene</Filter>
    </ClInclude>
    <ClInclude Include="CLogo.h">
      <Filter>03. Scene\00. Logo</Filter>
    </ClInclude>
    <ClInclude Include="CLobby.h">
      <Filter>03. Scene\01. Lobby</Filter>
    </ClInclude>
    <ClInclude Include="CEdit.h">
      <Filter>03. Scene\02. Edit</Filter>
    </ClInclude>
    <ClInclude Include="CPlayer.h">
      <Filter>01. Obj\00. Player</Filter>
    </ClInclude>
    <ClInclude Include="CTile.h">
      <Filter>02. Design\07. TileMgr\Tile</Filter>
    </ClInclude>
    <ClInclude Include="CStage.h">
      <Filter>03. Scene\03. Stage\Stage</Filter>
    </ClInclude>
    <ClInclude Include="CTileMgr.h">
      <Filter>02. Design\07. TileMgr</Filter>
    </ClInclude>
    <ClInclude Include="TcharIO.h">
      <Filter>05. Utils</Filter>
    </ClInclude>
    <ClInclude Include="CChunkMgr.h">
      <Filter>02. Design\08. ChunkMgr</Filter>
    </ClInclude>
    <ClInclude Include="CObstacle.h">
      <Filter>01. Obj\02. ObStacle</Filter>
    </ClInclude>
    <ClInclude Include="CSoundMgr.h">
      <Filter>02. Design\09. SoundMgr</Filter>
    </ClInclude>
    <ClInclude Include="CTimeMgr.h">
      <Filter>02. Design\10. TimeMgr</Filter>
    </ClInclude>
    <ClInclude Include="CDataMgr.h">
      <Filter>02. Design\11. DataMgr</Filter>
    </ClInclude>
    <ClInclude Include="CJelly.h">
      <Filter>01. Obj\03. Jelly</Filter>
    </ClInclude>
    <ClInclude Include="CItem.h">
      <Filter>01. Obj\04. Item</Filter>
    </ClInclude>
    <ClInclude Include="CUi.h">
      <Filter>02. Design\12. UiMgr\06. Ui</Filter>
    </ClInclude>
    <ClInclude Include="CUiMgr.h">
      <Filter>02. Design\12. UiMgr</Filter>
    </ClInclude>
    <ClInclude Include="CButton.h">
      <Filter>02. Design\12. UiMgr\06. Ui\00. Button</Filter>
    </ClInclude>
    <ClInclude Include="CHpBar.h">
      <Filter>02. Design\12. UiMgr\06. Ui\01. HpBar</Filter>
    </ClInclude>
    <ClInclude Include="CScore.h">
      <Filter>02. Design\12. UiMgr\06. Ui\02. Score</Filter>
    </ClInclude>
    <ClInclude Include="CEnergy.h">
      <Filter>01. Obj\04. Item\00. Item_Energy</Filter>
    </ClInclude>
    <ClInclude Include="CBoost.h">
      <Filter>01. Obj\04. Item\01. Item_Boost</Filter>
    </ClInclude>
    <ClInclude Include="CGiant.h">
      <Filter>01. Obj\04. Item\02. Item_Giant</Filter>
    </ClInclude>
    <ClInclude Include="Factory.h">
      <Filter>02. Design\00. AbstractFactory</Filter>
    </ClInclude>
    <ClInclude Include="CBonusTime.h">
      <Filter>02. Design\12. UiMgr\06. Ui\03. BonusTime</Filter>
    </ClInclude>
    <ClInclude Include="CMagnet.h">
      <Filter>01. Obj\04. Item\03. Item_Magnet</Filter>
    </ClInclude>
  </ItemGroup>
  <ItemGroup>
    <ClCompile Include="CookieRunAPI.cpp">
      <Filter>소스 파일</Filter>
    </ClCompile>
    <ClCompile Include="pch.cpp">
      <Filter>소스 파일</Filter>
    </ClCompile>
    <ClCompile Include="CMainGame.cpp">
      <Filter>00. MainGame</Filter>
    </ClCompile>
    <ClCompile Include="CObj.cpp">
      <Filter>01. Obj</Filter>
    </ClCompile>
    <ClCompile Include="CCollisionMgr.cpp">
      <Filter>02. Design\01. CollisionMgr</Filter>
    </ClCompile>
    <ClCompile Include="CObjMgr.cpp">
      <Filter>02. Design\02. ObjMgr</Filter>
    </ClCompile>
    <ClCompile Include="CScrollMgr.cpp">
      <Filter>02. Design\03. ScrollMgr</Filter>
    </ClCompile>
    <ClCompile Include="CKeyMgr.cpp">
      <Filter>02. Design\04. KeyMgr</Filter>
    </ClCompile>
    <ClCompile Include="CMyBmp.cpp">
      <Filter>02. Design\05. BmpMgr\MyBmp</Filter>
    </ClCompile>
    <ClCompile Include="CBmpMgr.cpp">
      <Filter>02. Design\05. BmpMgr</Filter>
    </ClCompile>
    <ClCompile Include="CSceneMgr.cpp">
      <Filter>02. Design\06. SceneMgr</Filter>
    </ClCompile>
    <ClCompile Include="CScene.cpp">
      <Filter>03. Scene</Filter>
    </ClCompile>
    <ClCompile Include="CLogo.cpp">
      <Filter>03. Scene\00. Logo</Filter>
    </ClCompile>
    <ClCompile Include="CLobby.cpp">
      <Filter>03. Scene\01. Lobby</Filter>
    </ClCompile>
    <ClCompile Include="CEdit.cpp">
      <Filter>03. Scene\02. Edit</Filter>
    </ClCompile>
    <ClCompile Include="CPlayer.cpp">
      <Filter>01. Obj\00. Player</Filter>
    </ClCompile>
    <ClCompile Include="CTile.cpp">
      <Filter>02. Design\07. TileMgr\Tile</Filter>
    </ClCompile>
    <ClCompile Include="CStage.cpp">
      <Filter>03. Scene\03. Stage\Stage</Filter>
    </ClCompile>
    <ClCompile Include="CTileMgr.cpp">
      <Filter>02. Design\07. TileMgr</Filter>
    </ClCompile>
    <ClCompile Include="TcharIO.cpp">
      <Filter>05. Utils</Filter>
    </ClCompile>
    <ClCompile Include="CChunkMgr.cpp">
      <Filter>02. Design\08. ChunkMgr</Filter>
    </ClCompile>
    <ClCompile Include="CObstacle.cpp">
      <Filter>01. Obj\02. ObStacle</Filter>
    </ClCompile>
    <ClCompile Include="CSoundMgr.cpp">
      <Filter>02. Design\09. SoundMgr</Filter>
    </ClCompile>
    <ClCompile Include="CTimeMgr.cpp">
      <Filter>02. Design\10. TimeMgr</Filter>
    </ClCompile>
    <ClCompile Include="CDataMgr.cpp">
      <Filter>02. Design\11. DataMgr</Filter>
    </ClCompile>
    <ClCompile Include="CJelly.cpp">
      <Filter>01. Obj\03. Jelly</Filter>
    </ClCompile>
    <ClCompile Include="CItem.cpp">
      <Filter>01. Obj\04. Item</Filter>
    </ClCompile>
    <ClCompile Include="CUi.cpp">
      <Filter>02. Design\12. UiMgr\06. Ui</Filter>
    </ClCompile>
    <ClCompile Include="CUiMgr.cpp">
      <Filter>02. Design\12. UiMgr</Filter>
    </ClCompile>
    <ClCompile Include="CButton.cpp">
      <Filter>02. Design\12. UiMgr\06. Ui\00. Button</Filter>
    </ClCompile>
    <ClCompile Include="CHpBar.cpp">
      <Filter>02. Design\12. UiMgr\06. Ui\01. HpBar</Filter>
    </ClCompile>
    <ClCompile Include="CScore.cpp">
      <Filter>02. Design\12. UiMgr\06. Ui\02. Score</Filter>
    </ClCompile>
    <ClCompile Include="CEnergy.cpp">
      <Filter>01. Obj\04. Item\00. Item_Energy</Filter>
    </ClCompile>
    <ClCompile Include="CBoost.cpp">
      <Filter>01. Obj\04. Item\01. Item_Boost</Filter>
    </ClCompile>
    <ClCompile Include="CGiant.cpp">
      <Filter>01. Obj\04. Item\02. Item_Giant</Filter>
    </ClCompile>
    <ClCompile Include="CBonusTime.cpp">
      <Filter>02. Design\12. UiMgr\06. Ui\03. BonusTime</Filter>
    </ClCompile>
    <ClCompile Include="CMagnet.cpp">
      <Filter>01. Obj\04. Item\03. Item_Magnet</Filter>
    </ClCompile>
  </ItemGroup>
  <ItemGroup>
    <ResourceCompile Include="CookieRunAPI.rc">
      <Filter>리소스 파일</Filter>
    </ResourceCompile>
  </ItemGroup>
  <ItemGroup>
    <Image Include="small.ico">
      <Filter>리소스 파일</Filter>
    </Image>
    <Image Include="CookieRunAPI.ico">
      <Filter>리소스 파일</Filter>
    </Image>
  </ItemGroup>
</Project>